
Microsoft Visual Studio Solution File, Format Version 12.00
# Visual Studio Version 17
VisualStudioVersion = 17.14.36408.4
MinimumVisualStudioVersion = 10.0.40219.1
Project("{2150E333-8FDC-42A3-9474-1A3956D46DE8}") = "WebApi", "WebApi", "{02EA681E-C7D8-13C7-8484-4AC65E1B71E8}"
EndProject
Project("{2150E333-8FDC-42A3-9474-1A3956D46DE8}") = "Src", "Src", "{4037B0F8-9FBF-4A7D-A360-B65A6C634F76}"
EndProject
Project("{FAE04EC0-301F-11D3-BF4B-00C04F79EFBC}") = "JodohFinder.Service", "Src\WebApi\JodohFinder.Service\JodohFinder.Service.csproj", "{60B31629-CFA5-0E1A-7EE5-F18924E538FD}"
	ProjectSection(ProjectDependencies) = postProject
		{4FC0F1EA-152B-47F3-BF92-C63F94773DCB} = {4FC0F1EA-152B-47F3-BF92-C63F94773DCB}
		{DE44F53D-09F4-4AA3-BB68-9906F39EE0C6} = {DE44F53D-09F4-4AA3-BB68-9906F39EE0C6}
		{E18BD566-0634-47BC-85BC-2C1C9E2C9110} = {E18BD566-0634-47BC-85BC-2C1C9E2C9110}
	EndProjectSection
EndProject
Project("{2150E333-8FDC-42A3-9474-1A3956D46DE8}") = "Infrastructure", "Infrastructure", "{328C615D-4E06-40B5-A216-A1F55B023CF9}"
EndProject
Project("{FAE04EC0-301F-11D3-BF4B-00C04F79EFBC}") = "JodohFinder.Domain", "Src\Domain\JodohFinder.Domain\JodohFinder.Domain.csproj", "{E18BD566-0634-47BC-85BC-2C1C9E2C9110}"
EndProject
Project("{2150E333-8FDC-42A3-9474-1A3956D46DE8}") = "Domain", "Domain", "{EC30F0BE-8AA6-444B-B192-688FBB98C185}"
EndProject
Project("{FAE04EC0-301F-11D3-BF4B-00C04F79EFBC}") = "JodohFinder.Entity.Configuration", "Src\Infrastructure\JodohFinder.Entity.Configuration\JodohFinder.Entity.Configuration.csproj", "{DE44F53D-09F4-4AA3-BB68-9906F39EE0C6}"
EndProject
Project("{2150E333-8FDC-42A3-9474-1A3956D46DE8}") = "Application", "Application", "{5F8CFDB6-652E-4C8D-9C7C-28DAF5AAADAE}"
EndProject
Project("{FAE04EC0-301F-11D3-BF4B-00C04F79EFBC}") = "JodohFinder.User.UseCase", "Src\Application\JodohFinder.User.UseCase\JodohFinder.User.UseCase.csproj", "{9EF80432-72B5-4778-AE77-465176B765FA}"
EndProject
Project("{FAE04EC0-301F-11D3-BF4B-00C04F79EFBC}") = "JodohFinder.Role.UseCase", "Src\Application\JodohFinder.Role.UseCase\JodohFinder.Role.UseCase.csproj", "{EE83D052-EA34-4C11-A2FB-A6E17104FD6D}"
EndProject
Project("{FAE04EC0-301F-11D3-BF4B-00C04F79EFBC}") = "JodohFinder.Role.Implementation", "Src\Infrastructure\JodohFinder.Role.Implementation\JodohFinder.Role.Implementation.csproj", "{4FC0F1EA-152B-47F3-BF92-C63F94773DCB}"
EndProject
Project("{FAE04EC0-301F-11D3-BF4B-00C04F79EFBC}") = "JodohFinder.DbContextEF", "Src\Infrastructure\JodohFinder.DbContextEF\JodohFinder.DbContextEF.csproj", "{66B82F56-0BBC-0E7B-EDEF-84F71387CC92}"
EndProject
Global
	GlobalSection(SolutionConfigurationPlatforms) = preSolution
		Debug|Any CPU = Debug|Any CPU
		Release|Any CPU = Release|Any CPU
	EndGlobalSection
	GlobalSection(ProjectConfigurationPlatforms) = postSolution
		{60B31629-CFA5-0E1A-7EE5-F18924E538FD}.Debug|Any CPU.ActiveCfg = Debug|Any CPU
		{60B31629-CFA5-0E1A-7EE5-F18924E538FD}.Debug|Any CPU.Build.0 = Debug|Any CPU
		{60B31629-CFA5-0E1A-7EE5-F18924E538FD}.Release|Any CPU.ActiveCfg = Release|Any CPU
		{60B31629-CFA5-0E1A-7EE5-F18924E538FD}.Release|Any CPU.Build.0 = Release|Any CPU
		{E18BD566-0634-47BC-85BC-2C1C9E2C9110}.Debug|Any CPU.ActiveCfg = Debug|Any CPU
		{E18BD566-0634-47BC-85BC-2C1C9E2C9110}.Debug|Any CPU.Build.0 = Debug|Any CPU
		{E18BD566-0634-47BC-85BC-2C1C9E2C9110}.Release|Any CPU.ActiveCfg = Release|Any CPU
		{E18BD566-0634-47BC-85BC-2C1C9E2C9110}.Release|Any CPU.Build.0 = Release|Any CPU
		{DE44F53D-09F4-4AA3-BB68-9906F39EE0C6}.Debug|Any CPU.ActiveCfg = Debug|Any CPU
		{DE44F53D-09F4-4AA3-BB68-9906F39EE0C6}.Debug|Any CPU.Build.0 = Debug|Any CPU
		{DE44F53D-09F4-4AA3-BB68-9906F39EE0C6}.Release|Any CPU.ActiveCfg = Release|Any CPU
		{DE44F53D-09F4-4AA3-BB68-9906F39EE0C6}.Release|Any CPU.Build.0 = Release|Any CPU
		{9EF80432-72B5-4778-AE77-465176B765FA}.Debug|Any CPU.ActiveCfg = Debug|Any CPU
		{9EF80432-72B5-4778-AE77-465176B765FA}.Debug|Any CPU.Build.0 = Debug|Any CPU
		{9EF80432-72B5-4778-AE77-465176B765FA}.Release|Any CPU.ActiveCfg = Release|Any CPU
		{9EF80432-72B5-4778-AE77-465176B765FA}.Release|Any CPU.Build.0 = Release|Any CPU
		{EE83D052-EA34-4C11-A2FB-A6E17104FD6D}.Debug|Any CPU.ActiveCfg = Debug|Any CPU
		{EE83D052-EA34-4C11-A2FB-A6E17104FD6D}.Debug|Any CPU.Build.0 = Debug|Any CPU
		{EE83D052-EA34-4C11-A2FB-A6E17104FD6D}.Release|Any CPU.ActiveCfg = Release|Any CPU
		{EE83D052-EA34-4C11-A2FB-A6E17104FD6D}.Release|Any CPU.Build.0 = Release|Any CPU
		{4FC0F1EA-152B-47F3-BF92-C63F94773DCB}.Debug|Any CPU.ActiveCfg = Debug|Any CPU
		{4FC0F1EA-152B-47F3-BF92-C63F94773DCB}.Debug|Any CPU.Build.0 = Debug|Any CPU
		{4FC0F1EA-152B-47F3-BF92-C63F94773DCB}.Release|Any CPU.ActiveCfg = Release|Any CPU
		{4FC0F1EA-152B-47F3-BF92-C63F94773DCB}.Release|Any CPU.Build.0 = Release|Any CPU
		{66B82F56-0BBC-0E7B-EDEF-84F71387CC92}.Debug|Any CPU.ActiveCfg = Debug|Any CPU
		{66B82F56-0BBC-0E7B-EDEF-84F71387CC92}.Debug|Any CPU.Build.0 = Debug|Any CPU
		{66B82F56-0BBC-0E7B-EDEF-84F71387CC92}.Release|Any CPU.ActiveCfg = Release|Any CPU
		{66B82F56-0BBC-0E7B-EDEF-84F71387CC92}.Release|Any CPU.Build.0 = Release|Any CPU
	EndGlobalSection
	GlobalSection(SolutionProperties) = preSolution
		HideSolutionNode = FALSE
	EndGlobalSection
	GlobalSection(NestedProjects) = preSolution
		{02EA681E-C7D8-13C7-8484-4AC65E1B71E8} = {4037B0F8-9FBF-4A7D-A360-B65A6C634F76}
		{60B31629-CFA5-0E1A-7EE5-F18924E538FD} = {02EA681E-C7D8-13C7-8484-4AC65E1B71E8}
		{328C615D-4E06-40B5-A216-A1F55B023CF9} = {4037B0F8-9FBF-4A7D-A360-B65A6C634F76}
		{E18BD566-0634-47BC-85BC-2C1C9E2C9110} = {EC30F0BE-8AA6-444B-B192-688FBB98C185}
		{EC30F0BE-8AA6-444B-B192-688FBB98C185} = {4037B0F8-9FBF-4A7D-A360-B65A6C634F76}
		{DE44F53D-09F4-4AA3-BB68-9906F39EE0C6} = {328C615D-4E06-40B5-A216-A1F55B023CF9}
		{5F8CFDB6-652E-4C8D-9C7C-28DAF5AAADAE} = {4037B0F8-9FBF-4A7D-A360-B65A6C634F76}
		{9EF80432-72B5-4778-AE77-465176B765FA} = {5F8CFDB6-652E-4C8D-9C7C-28DAF5AAADAE}
		{EE83D052-EA34-4C11-A2FB-A6E17104FD6D} = {5F8CFDB6-652E-4C8D-9C7C-28DAF5AAADAE}
		{4FC0F1EA-152B-47F3-BF92-C63F94773DCB} = {328C615D-4E06-40B5-A216-A1F55B023CF9}
		{66B82F56-0BBC-0E7B-EDEF-84F71387CC92} = {328C615D-4E06-40B5-A216-A1F55B023CF9}
	EndGlobalSection
	GlobalSection(ExtensibilityGlobals) = postSolution
		SolutionGuid = {83FCC896-E3B1-4ECF-A6C4-EED958AC62FA}
	EndGlobalSection
EndGlobal
